
Microsoft Visual Studio Solution File, Format Version 12.00
# Visual Studio Version 16
VisualStudioVersion = 16.0.33529.622
MinimumVisualStudioVersion = 10.0.40219.1
Project("{8BC9CEB8-8B4A-11D0-8D11-00A0C91BC942}") = "cyclimb_win", "cyclimb_win.vcxproj", "{42E898FC-A0E2-4AA5-91B8-C9BB62515785}"
EndProject
Project("{8BC9CEB8-8B4A-11D0-8D11-00A0C91BC942}") = "dx12helloworld", "dx12helloworld\dx12helloworld.vcxproj", "{542BBDA8-8978-41D5-B1AB-C71A0551D818}"
EndProject
Project("{8BC9CEB8-8B4A-11D0-8D11-00A0C91BC942}") = "dx11helloworld", "dx11helloworld\dx11helloworld.vcxproj", "{398C1CBF-5343-4C09-85AC-74DDB834EA36}"
EndProject
Global
	GlobalSection(SolutionConfigurationPlatforms) = preSolution
		Debug|x64 = Debug|x64
		Debug|x86 = Debug|x86
		Release|x64 = Release|x64
		Release|x86 = Release|x86
	EndGlobalSection
	GlobalSection(ProjectConfigurationPlatforms) = postSolution
		{42E898FC-A0E2-4AA5-91B8-C9BB62515785}.Debug|x64.ActiveCfg = Debug|x64
		{42E898FC-A0E2-4AA5-91B8-C9BB62515785}.Debug|x64.Build.0 = Debug|x64
		{42E898FC-A0E2-4AA5-91B8-C9BB62515785}.Debug|x86.ActiveCfg = Debug|Win32
		{42E898FC-A0E2-4AA5-91B8-C9BB62515785}.Debug|x86.Build.0 = Debug|Win32
		{42E898FC-A0E2-4AA5-91B8-C9BB62515785}.Release|x64.ActiveCfg = Release|x64
		{42E898FC-A0E2-4AA5-91B8-C9BB62515785}.Release|x64.Build.0 = Release|x64
		{42E898FC-A0E2-4AA5-91B8-C9BB62515785}.Release|x86.ActiveCfg = Release|Win32
		{42E898FC-A0E2-4AA5-91B8-C9BB62515785}.Release|x86.Build.0 = Release|Win32
		{542BBDA8-8978-41D5-B1AB-C71A0551D818}.Debug|x64.ActiveCfg = Debug|x64
		{542BBDA8-8978-41D5-B1AB-C71A0551D818}.Debug|x64.Build.0 = Debug|x64
		{542BBDA8-8978-41D5-B1AB-C71A0551D818}.Debug|x86.ActiveCfg = Debug|Win32
		{542BBDA8-8978-41D5-B1AB-C71A0551D818}.Debug|x86.Build.0 = Debug|Win32
		{542BBDA8-8978-41D5-B1AB-C71A0551D818}.Release|x64.ActiveCfg = Release|x64
		{542BBDA8-8978-41D5-B1AB-C71A0551D818}.Release|x64.Build.0 = Release|x64
		{542BBDA8-8978-41D5-B1AB-C71A0551D818}.Release|x86.ActiveCfg = Release|Win32
		{542BBDA8-8978-41D5-B1AB-C71A0551D818}.Release|x86.Build.0 = Release|Win32
		{398C1CBF-5343-4C09-85AC-74DDB834EA36}.Debug|x64.ActiveCfg = Debug|x64
		{398C1CBF-5343-4C09-85AC-74DDB834EA36}.Debug|x64.Build.0 = Debug|x64
		{398C1CBF-5343-4C09-85AC-74DDB834EA36}.Debug|x86.ActiveCfg = Debug|Win32
		{398C1CBF-5343-4C09-85AC-74DDB834EA36}.Debug|x86.Build.0 = Debug|Win32
		{398C1CBF-5343-4C09-85AC-74DDB834EA36}.Release|x64.ActiveCfg = Release|x64
		{398C1CBF-5343-4C09-85AC-74DDB834EA36}.Release|x64.Build.0 = Release|x64
		{398C1CBF-5343-4C09-85AC-74DDB834EA36}.Release|x86.ActiveCfg = Release|Win32
		{398C1CBF-5343-4C09-85AC-74DDB834EA36}.Release|x86.Build.0 = Release|Win32
	EndGlobalSection
	GlobalSection(SolutionProperties) = preSolution
		HideSolutionNode = FALSE
	EndGlobalSection
	GlobalSection(ExtensibilityGlobals) = postSolution
		SolutionGuid = {6BB0E603-1347-40B5-901C-149A79E44BE1}
	EndGlobalSection
EndGlobal
